
Microsoft Visual Studio Solution File, Format Version 12.00
# Visual Studio 15
VisualStudioVersion = 15.0.27703.2026
MinimumVisualStudioVersion = 10.0.40219.1
Project("{FAE04EC0-301F-11D3-BF4B-00C04F79EFBC}") = "Shop.Api", "Shop.Api\Shop.Api.csproj", "{BE06650A-0EB7-4A94-B148-7AF8731361E1}"
EndProject
Global
	GlobalSection(SolutionConfigurationPlatforms) = preSolution
		Debug|Any CPU = Debug|Any CPU
		Release|Any CPU = Release|Any CPU
	EndGlobalSection
	GlobalSection(ProjectConfigurationPlatforms) = postSolution
		{BE06650A-0EB7-4A94-B148-7AF8731361E1}.Debug|Any CPU.ActiveCfg = Debug|Any CPU
		{BE06650A-0EB7-4A94-B148-7AF8731361E1}.Debug|Any CPU.Build.0 = Debug|Any CPU
		{BE06650A-0EB7-4A94-B148-7AF8731361E1}.Release|Any CPU.ActiveCfg = Release|Any CPU
		{BE06650A-0EB7-4A94-B148-7AF8731361E1}.Release|Any CPU.Build.0 = Release|Any CPU
	EndGlobalSection
	GlobalSection(SolutionProperties) = preSolution
		HideSolutionNode = FALSE
	EndGlobalSection
	GlobalSection(ExtensibilityGlobals) = postSolution
		SolutionGuid = {C761FF1E-9299-454C-8202-153A97DEA942}
	EndGlobalSection
EndGlobal
